
Microsoft Visual Studio Solution File, Format Version 12.00
# Visual Studio Version 16
VisualStudioVersion = 16.0.31205.134
MinimumVisualStudioVersion = 10.0.40219.1
Project("{9A19103F-16F7-4668-BE54-9A1E7A4F7556}") = "RegistroPedidos_Blazord", "RegistroPedidos_Blazord.csproj", "{FBEA39AF-FD68-4025-BEA1-44F4ED5423D9}"
EndProject
Global
	GlobalSection(SolutionConfigurationPlatforms) = preSolution
		Debug|Any CPU = Debug|Any CPU
		Release|Any CPU = Release|Any CPU
	EndGlobalSection
	GlobalSection(ProjectConfigurationPlatforms) = postSolution
		{FBEA39AF-FD68-4025-BEA1-44F4ED5423D9}.Debug|Any CPU.ActiveCfg = Debug|Any CPU
		{FBEA39AF-FD68-4025-BEA1-44F4ED5423D9}.Debug|Any CPU.Build.0 = Debug|Any CPU
		{FBEA39AF-FD68-4025-BEA1-44F4ED5423D9}.Release|Any CPU.ActiveCfg = Release|Any CPU
		{FBEA39AF-FD68-4025-BEA1-44F4ED5423D9}.Release|Any CPU.Build.0 = Release|Any CPU
	EndGlobalSection
	GlobalSection(SolutionProperties) = preSolution
		HideSolutionNode = FALSE
	EndGlobalSection
	GlobalSection(ExtensibilityGlobals) = postSolution
		SolutionGuid = {A14F4A1C-07EC-4E3B-A757-4B5408C60F45}
	EndGlobalSection
EndGlobal
